
Microsoft Visual Studio Solution File, Format Version 12.00
# Visual Studio Version 17
VisualStudioVersion = 17.3.32825.248
MinimumVisualStudioVersion = 10.0.40219.1
Project("{9A19103F-16F7-4668-BE54-9A1E7A4F7556}") = "Doulex", "src\Doulex\Doulex.csproj", "{6A710580-E599-4207-A1A8-11A8FBD160DB}"
EndProject
Project("{2150E333-8FDC-42A3-9474-1A3956D46DE8}") = "src", "src", "{5309EC62-08D3-4CB5-B295-0D389CFBDDA1}"
EndProject
Project("{2150E333-8FDC-42A3-9474-1A3956D46DE8}") = "tests", "tests", "{D89EE3E4-AABD-439A-A3CB-8EDA27EA32B0}"
EndProject
Project("{FAE04EC0-301F-11D3-BF4B-00C04F79EFBC}") = "UnitTest.Doulex", "tests\UnitTest.Doulex\UnitTest.Doulex.csproj", "{21BF4ABB-D84B-4E1D-91E0-C873484FEF13}"
EndProject
Global
	GlobalSection(SolutionConfigurationPlatforms) = preSolution
		Debug|Any CPU = Debug|Any CPU
		Release|Any CPU = Release|Any CPU
	EndGlobalSection
	GlobalSection(ProjectConfigurationPlatforms) = postSolution
		{6A710580-E599-4207-A1A8-11A8FBD160DB}.Debug|Any CPU.ActiveCfg = Debug|Any CPU
		{6A710580-E599-4207-A1A8-11A8FBD160DB}.Debug|Any CPU.Build.0 = Debug|Any CPU
		{6A710580-E599-4207-A1A8-11A8FBD160DB}.Release|Any CPU.ActiveCfg = Release|Any CPU
		{6A710580-E599-4207-A1A8-11A8FBD160DB}.Release|Any CPU.Build.0 = Release|Any CPU
		{21BF4ABB-D84B-4E1D-91E0-C873484FEF13}.Debug|Any CPU.ActiveCfg = Debug|Any CPU
		{21BF4ABB-D84B-4E1D-91E0-C873484FEF13}.Debug|Any CPU.Build.0 = Debug|Any CPU
		{21BF4ABB-D84B-4E1D-91E0-C873484FEF13}.Release|Any CPU.ActiveCfg = Release|Any CPU
		{21BF4ABB-D84B-4E1D-91E0-C873484FEF13}.Release|Any CPU.Build.0 = Release|Any CPU
	EndGlobalSection
	GlobalSection(SolutionProperties) = preSolution
		HideSolutionNode = FALSE
	EndGlobalSection
	GlobalSection(NestedProjects) = preSolution
		{6A710580-E599-4207-A1A8-11A8FBD160DB} = {5309EC62-08D3-4CB5-B295-0D389CFBDDA1}
		{21BF4ABB-D84B-4E1D-91E0-C873484FEF13} = {D89EE3E4-AABD-439A-A3CB-8EDA27EA32B0}
	EndGlobalSection
	GlobalSection(ExtensibilityGlobals) = postSolution
		SolutionGuid = {3CA6DE1A-C1A0-4BE1-B7BF-D3052CD20581}
	EndGlobalSection
EndGlobal
